
Microsoft Visual Studio Solution File, Format Version 12.00
# Visual Studio Version 17
VisualStudioVersion = 17.7.34031.279
MinimumVisualStudioVersion = 10.0.40219.1
Project("{8BC9CEB8-8B4A-11D0-8D11-00A0C91BC942}") = "Course_work", "Course_work\Course_work.vcxproj", "{1B1934C7-041A-40C3-BCAE-9EC4F932360F}"
EndProject
Project("{8BC9CEB8-8B4A-11D0-8D11-00A0C91BC942}") = "Backup_1", "Backup_1\Backup_1.vcxproj", "{7E621E5F-5CAD-4055-B30C-8E419C3BBE83}"
EndProject
Project("{8BC9CEB8-8B4A-11D0-8D11-00A0C91BC942}") = "Backup_2", "Backup_2\Backup_2.vcxproj", "{9936BAEB-EB45-4210-A3D0-BE269959D6BE}"
EndProject
Global
	GlobalSection(SolutionConfigurationPlatforms) = preSolution
		Debug|x64 = Debug|x64
		Debug|x86 = Debug|x86
		Release|x64 = Release|x64
		Release|x86 = Release|x86
	EndGlobalSection
	GlobalSection(ProjectConfigurationPlatforms) = postSolution
		{1B1934C7-041A-40C3-BCAE-9EC4F932360F}.Debug|x64.ActiveCfg = Debug|x64
		{1B1934C7-041A-40C3-BCAE-9EC4F932360F}.Debug|x64.Build.0 = Debug|x64
		{1B1934C7-041A-40C3-BCAE-9EC4F932360F}.Debug|x86.ActiveCfg = Debug|Win32
		{1B1934C7-041A-40C3-BCAE-9EC4F932360F}.Debug|x86.Build.0 = Debug|Win32
		{1B1934C7-041A-40C3-BCAE-9EC4F932360F}.Release|x64.ActiveCfg = Release|x64
		{1B1934C7-041A-40C3-BCAE-9EC4F932360F}.Release|x64.Build.0 = Release|x64
		{1B1934C7-041A-40C3-BCAE-9EC4F932360F}.Release|x86.ActiveCfg = Release|Win32
		{1B1934C7-041A-40C3-BCAE-9EC4F932360F}.Release|x86.Build.0 = Release|Win32
		{7E621E5F-5CAD-4055-B30C-8E419C3BBE83}.Debug|x64.ActiveCfg = Debug|x64
		{7E621E5F-5CAD-4055-B30C-8E419C3BBE83}.Debug|x64.Build.0 = Debug|x64
		{7E621E5F-5CAD-4055-B30C-8E419C3BBE83}.Debug|x86.ActiveCfg = Debug|Win32
		{7E621E5F-5CAD-4055-B30C-8E419C3BBE83}.Debug|x86.Build.0 = Debug|Win32
		{7E621E5F-5CAD-4055-B30C-8E419C3BBE83}.Release|x64.ActiveCfg = Release|x64
		{7E621E5F-5CAD-4055-B30C-8E419C3BBE83}.Release|x64.Build.0 = Release|x64
		{7E621E5F-5CAD-4055-B30C-8E419C3BBE83}.Release|x86.ActiveCfg = Release|Win32
		{7E621E5F-5CAD-4055-B30C-8E419C3BBE83}.Release|x86.Build.0 = Release|Win32
		{9936BAEB-EB45-4210-A3D0-BE269959D6BE}.Debug|x64.ActiveCfg = Debug|x64
		{9936BAEB-EB45-4210-A3D0-BE269959D6BE}.Debug|x64.Build.0 = Debug|x64
		{9936BAEB-EB45-4210-A3D0-BE269959D6BE}.Debug|x86.ActiveCfg = Debug|Win32
		{9936BAEB-EB45-4210-A3D0-BE269959D6BE}.Debug|x86.Build.0 = Debug|Win32
		{9936BAEB-EB45-4210-A3D0-BE269959D6BE}.Release|x64.ActiveCfg = Release|x64
		{9936BAEB-EB45-4210-A3D0-BE269959D6BE}.Release|x64.Build.0 = Release|x64
		{9936BAEB-EB45-4210-A3D0-BE269959D6BE}.Release|x86.ActiveCfg = Release|Win32
		{9936BAEB-EB45-4210-A3D0-BE269959D6BE}.Release|x86.Build.0 = Release|Win32
	EndGlobalSection
	GlobalSection(SolutionProperties) = preSolution
		HideSolutionNode = FALSE
	EndGlobalSection
	GlobalSection(ExtensibilityGlobals) = postSolution
		SolutionGuid = {DA15DCA5-7E51-4648-8F0E-B88CE2BBCC4D}
	EndGlobalSection
EndGlobal
